// !$*UTF8*$!
{
	archiveVersion = 1;
	classes = {
	};
	objectVersion = 46;
	objects = {

/* Begin PBXBuildFile section */
		726D4C381C87D26B00D77976 /* AppDelegate.swift in Sources */ = {isa = PBXBuildFile; fileRef = 726D4C371C87D26B00D77976 /* AppDelegate.swift */; };
		726D4C3A1C87D26B00D77976 /* RecordSoundsViewController.swift in Sources */ = {isa = PBXBuildFile; fileRef = 726D4C391C87D26B00D77976 /* RecordSoundsViewController.swift */; };
		726D4C3D1C87D26B00D77976 /* Main.storyboard in Resources */ = {isa = PBXBuildFile; fileRef = 726D4C3B1C87D26B00D77976 /* Main.storyboard */; };
		726D4C3F1C87D26B00D77976 /* Assets.xcassets in Resources */ = {isa = PBXBuildFile; fileRef = 726D4C3E1C87D26B00D77976 /* Assets.xcassets */; };
		726D4C421C87D26B00D77976 /* LaunchScreen.storyboard in Resources */ = {isa = PBXBuildFile; fileRef = 726D4C401C87D26B00D77976 /* LaunchScreen.storyboard */; };
		726D4C4D1C87D26B00D77976 /* PicthPerfectTests.swift in Sources */ = {isa = PBXBuildFile; fileRef = 726D4C4C1C87D26B00D77976 /* PicthPerfectTests.swift */; };
		726D4C581C87D26B00D77976 /* PicthPerfectUITests.swift in Sources */ = {isa = PBXBuildFile; fileRef = 726D4C571C87D26B00D77976 /* PicthPerfectUITests.swift */; };
		726D4C661C87F64B00D77976 /* PlaySoundsViewController.swift in Sources */ = {isa = PBXBuildFile; fileRef = 726D4C651C87F64B00D77976 /* PlaySoundsViewController.swift */; };
		726D4C681C88D68800D77976 /* movie_quote.mp3 in Resources */ = {isa = PBXBuildFile; fileRef = 726D4C671C88D68800D77976 /* movie_quote.mp3 */; };
		726D4C6A1C890C8400D77976 /* RecordedAudio.swift in Sources */ = {isa = PBXBuildFile; fileRef = 726D4C691C890C8400D77976 /* RecordedAudio.swift */; };
/* End PBXBuildFile section */

/* Begin PBXContainerItemProxy section */
		726D4C491C87D26B00D77976 /* PBXContainerItemProxy */ = {
			isa = PBXContainerItemProxy;
			containerPortal = 726D4C2C1C87D26B00D77976 /* Project object */;
			proxyType = 1;
			remoteGlobalIDString = 726D4C331C87D26B00D77976;
			remoteInfo = PicthPerfect;
		};
		726D4C541C87D26B00D77976 /* PBXContainerItemProxy */ = {
			isa = PBXContainerItemProxy;
			containerPortal = 726D4C2C1C87D26B00D77976 /* Project object */;
			proxyType = 1;
			remoteGlobalIDString = 726D4C331C87D26B00D77976;
			remoteInfo = PicthPerfect;
		};
/* End PBXContainerItemProxy section */

/* Begin PBXFileReference section */
		726D4C341C87D26B00D77976 /* PitchPerfect.app */ = {isa = PBXFileReference; explicitFileType = wrapper.application; includeInIndex = 0; path = PitchPerfect.app; sourceTree = BUILT_PRODUCTS_DIR; };
		726D4C371C87D26B00D77976 /* AppDelegate.swift */ = {isa = PBXFileReference; lastKnownFileType = sourcecode.swift; path = AppDelegate.swift; sourceTree = "<group>"; };
		726D4C391C87D26B00D77976 /* RecordSoundsViewController.swift */ = {isa = PBXFileReference; lastKnownFileType = sourcecode.swift; path = RecordSoundsViewController.swift; sourceTree = "<group>"; };
		726D4C3C1C87D26B00D77976 /* Base */ = {isa = PBXFileReference; lastKnownFileType = file.storyboard; name = Base; path = Base.lproj/Main.storyboard; sourceTree = "<group>"; };
		726D4C3E1C87D26B00D77976 /* Assets.xcassets */ = {isa = PBXFileReference; lastKnownFileType = folder.assetcatalog; path = Assets.xcassets; sourceTree = "<group>"; };
		726D4C411C87D26B00D77976 /* Base */ = {isa = PBXFileReference; lastKnownFileType = file.storyboard; name = Base; path = Base.lproj/LaunchScreen.storyboard; sourceTree = "<group>"; };
		726D4C431C87D26B00D77976 /* Info.plist */ = {isa = PBXFileReference; lastKnownFileType = text.plist.xml; path = Info.plist; sourceTree = "<group>"; };
		726D4C481C87D26B00D77976 /* PitchPerfect.xctest */ = {isa = PBXFileReference; explicitFileType = wrapper.cfbundle; includeInIndex = 0; path = PitchPerfect.xctest; sourceTree = BUILT_PRODUCTS_DIR; };
		726D4C4C1C87D26B00D77976 /* PicthPerfectTests.swift */ = {isa = PBXFileReference; lastKnownFileType = sourcecode.swift; path = PicthPerfectTests.swift; sourceTree = "<group>"; };
		726D4C4E1C87D26B00D77976 /* Info.plist */ = {isa = PBXFileReference; lastKnownFileType = text.plist.xml; path = Info.plist; sourceTree = "<group>"; };
		726D4C531C87D26B00D77976 /* PitchPerfect.xctest */ = {isa = PBXFileReference; explicitFileType = wrapper.cfbundle; includeInIndex = 0; path = PitchPerfect.xctest; sourceTree = BUILT_PRODUCTS_DIR; };
		726D4C571C87D26B00D77976 /* PicthPerfectUITests.swift */ = {isa = PBXFileReference; lastKnownFileType = sourcecode.swift; path = PicthPerfectUITests.swift; sourceTree = "<group>"; };
		726D4C591C87D26B00D77976 /* Info.plist */ = {isa = PBXFileReference; lastKnownFileType = text.plist.xml; path = Info.plist; sourceTree = "<group>"; };
		726D4C651C87F64B00D77976 /* PlaySoundsViewController.swift */ = {isa = PBXFileReference; fileEncoding = 4; lastKnownFileType = sourcecode.swift; path = PlaySoundsViewController.swift; sourceTree = "<group>"; };
		726D4C671C88D68800D77976 /* movie_quote.mp3 */ = {isa = PBXFileReference; lastKnownFileType = audio.mp3; path = movie_quote.mp3; sourceTree = "<group>"; };
		726D4C691C890C8400D77976 /* RecordedAudio.swift */ = {isa = PBXFileReference; fileEncoding = 4; lastKnownFileType = sourcecode.swift; path = RecordedAudio.swift; sourceTree = "<group>"; };
/* End PBXFileReference section */

/* Begin PBXFrameworksBuildPhase section */
		726D4C311C87D26B00D77976 /* Frameworks */ = {
			isa = PBXFrameworksBuildPhase;
			buildActionMask = 2147483647;
			files = (
			);
			runOnlyForDeploymentPostprocessing = 0;
		};
		726D4C451C87D26B00D77976 /* Frameworks */ = {
			isa = PBXFrameworksBuildPhase;
			buildActionMask = 2147483647;
			files = (
			);
			runOnlyForDeploymentPostprocessing = 0;
		};
		726D4C501C87D26B00D77976 /* Frameworks */ = {
			isa = PBXFrameworksBuildPhase;
			buildActionMask = 2147483647;
			files = (
			);
			runOnlyForDeploymentPostprocessing = 0;
		};
/* End PBXFrameworksBuildPhase section */

/* Begin PBXGroup section */
		726D4C2B1C87D26B00D77976 = {
			isa = PBXGroup;
			children = (
				726D4C361C87D26B00D77976 /* PicthPerfect */,
				726D4C4B1C87D26B00D77976 /* PicthPerfectTests */,
				726D4C561C87D26B00D77976 /* PicthPerfectUITests */,
				726D4C351C87D26B00D77976 /* Products */,
			);
			sourceTree = "<group>";
		};
		726D4C351C87D26B00D77976 /* Products */ = {
			isa = PBXGroup;
			children = (
				726D4C341C87D26B00D77976 /* PitchPerfect.app */,
				726D4C481C87D26B00D77976 /* PitchPerfect.xctest */,
				726D4C531C87D26B00D77976 /* PitchPerfect.xctest */,
			);
			name = Products;
			sourceTree = "<group>";
		};
		726D4C361C87D26B00D77976 /* PicthPerfect */ = {
			isa = PBXGroup;
			children = (
				726D4C371C87D26B00D77976 /* AppDelegate.swift */,
				726D4C391C87D26B00D77976 /* RecordSoundsViewController.swift */,
				726D4C691C890C8400D77976 /* RecordedAudio.swift */,
				726D4C3B1C87D26B00D77976 /* Main.storyboard */,
				726D4C651C87F64B00D77976 /* PlaySoundsViewController.swift */,
				726D4C671C88D68800D77976 /* movie_quote.mp3 */,
				726D4C3E1C87D26B00D77976 /* Assets.xcassets */,
				726D4C401C87D26B00D77976 /* LaunchScreen.storyboard */,
				726D4C431C87D26B00D77976 /* Info.plist */,
			);
			path = PicthPerfect;
			sourceTree = "<group>";
		};
		726D4C4B1C87D26B00D77976 /* PicthPerfectTests */ = {
			isa = PBXGroup;
			children = (
				726D4C4C1C87D26B00D77976 /* PicthPerfectTests.swift */,
				726D4C4E1C87D26B00D77976 /* Info.plist */,
			);
			path = PicthPerfectTests;
			sourceTree = "<group>";
		};
		726D4C561C87D26B00D77976 /* PicthPerfectUITests */ = {
			isa = PBXGroup;
			children = (
				726D4C571C87D26B00D77976 /* PicthPerfectUITests.swift */,
				726D4C591C87D26B00D77976 /* Info.plist */,
			);
			path = PicthPerfectUITests;
			sourceTree = "<group>";
		};
/* End PBXGroup section */

/* Begin PBXNativeTarget section */
		726D4C331C87D26B00D77976 /* PitchPerfect */ = {
			isa = PBXNativeTarget;
			buildConfigurationList = 726D4C5C1C87D26B00D77976 /* Build configuration list for PBXNativeTarget "PitchPerfect" */;
			buildPhases = (
				726D4C301C87D26B00D77976 /* Sources */,
				726D4C311C87D26B00D77976 /* Frameworks */,
				726D4C321C87D26B00D77976 /* Resources */,
			);
			buildRules = (
			);
			dependencies = (
			);
			name = PitchPerfect;
			productName = PicthPerfect;
			productReference = 726D4C341C87D26B00D77976 /* PitchPerfect.app */;
			productType = "com.apple.product-type.application";
		};
		726D4C471C87D26B00D77976 /* PitchPerfectTests */ = {
			isa = PBXNativeTarget;
			buildConfigurationList = 726D4C5F1C87D26B00D77976 /* Build configuration list for PBXNativeTarget "PitchPerfectTests" */;
			buildPhases = (
				726D4C441C87D26B00D77976 /* Sources */,
				726D4C451C87D26B00D77976 /* Frameworks */,
				726D4C461C87D26B00D77976 /* Resources */,
			);
			buildRules = (
			);
			dependencies = (
				726D4C4A1C87D26B00D77976 /* PBXTargetDependency */,
			);
			name = PitchPerfectTests;
			productName = PicthPerfectTests;
			productReference = 726D4C481C87D26B00D77976 /* PitchPerfect.xctest */;
			productType = "com.apple.product-type.bundle.unit-test";
		};
		726D4C521C87D26B00D77976 /* PitchPerfectUITests */ = {
			isa = PBXNativeTarget;
			buildConfigurationList = 726D4C621C87D26B00D77976 /* Build configuration list for PBXNativeTarget "PitchPerfectUITests" */;
			buildPhases = (
				726D4C4F1C87D26B00D77976 /* Sources */,
				726D4C501C87D26B00D77976 /* Frameworks */,
				726D4C511C87D26B00D77976 /* Resources */,
			);
			buildRules = (
			);
			dependencies = (
				726D4C551C87D26B00D77976 /* PBXTargetDependency */,
			);
			name = PitchPerfectUITests;
			productName = PicthPerfectUITests;
			productReference = 726D4C531C87D26B00D77976 /* PitchPerfect.xctest */;
			productType = "com.apple.product-type.bundle.ui-testing";
		};
/* End PBXNativeTarget section */

/* Begin PBXProject section */
		726D4C2C1C87D26B00D77976 /* Project object */ = {
			isa = PBXProject;
			attributes = {
				LastSwiftUpdateCheck = 0720;
				LastUpgradeCheck = 0720;
				ORGANIZATIONNAME = demo;
				TargetAttributes = {
					726D4C331C87D26B00D77976 = {
						CreatedOnToolsVersion = 7.2.1;
						DevelopmentTeam = 89Q5462WB2;
					};
					726D4C471C87D26B00D77976 = {
						CreatedOnToolsVersion = 7.2.1;
						TestTargetID = 726D4C331C87D26B00D77976;
					};
					726D4C521C87D26B00D77976 = {
						CreatedOnToolsVersion = 7.2.1;
						TestTargetID = 726D4C331C87D26B00D77976;
					};
				};
			};
			buildConfigurationList = 726D4C2F1C87D26B00D77976 /* Build configuration list for PBXProject "PitchPerfect" */;
			compatibilityVersion = "Xcode 3.2";
			developmentRegion = English;
			hasScannedForEncodings = 0;
			knownRegions = (
				en,
				Base,
			);
			mainGroup = 726D4C2B1C87D26B00D77976;
			productRefGroup = 726D4C351C87D26B00D77976 /* Products */;
			projectDirPath = "";
			projectRoot = "";
			targets = (
				726D4C331C87D26B00D77976 /* PitchPerfect */,
				726D4C471C87D26B00D77976 /* PitchPerfectTests */,
				726D4C521C87D26B00D77976 /* PitchPerfectUITests */,
			);
		};
/* End PBXProject section */

/* Begin PBXResourcesBuildPhase section */
		726D4C321C87D26B00D77976 /* Resources */ = {
			isa = PBXResourcesBuildPhase;
			buildActionMask = 2147483647;
			files = (
				726D4C421C87D26B00D77976 /* LaunchScreen.storyboard in Resources */,
				726D4C3F1C87D26B00D77976 /* Assets.xcassets in Resources */,
				726D4C681C88D68800D77976 /* movie_quote.mp3 in Resources */,
				726D4C3D1C87D26B00D77976 /* Main.storyboard in Resources */,
			);
			runOnlyForDeploymentPostprocessing = 0;
		};
		726D4C461C87D26B00D77976 /* Resources */ = {
			isa = PBXResourcesBuildPhase;
			buildActionMask = 2147483647;
			files = (
			);
			runOnlyForDeploymentPostprocessing = 0;
		};
		726D4C511C87D26B00D77976 /* Resources */ = {
			isa = PBXResourcesBuildPhase;
			buildActionMask = 2147483647;
			files = (
			);
			runOnlyForDeploymentPostprocessing = 0;
		};
/* End PBXResourcesBuildPhase section */

/* Begin PBXSourcesBuildPhase section */
		726D4C301C87D26B00D77976 /* Sources */ = {
			isa = PBXSourcesBuildPhase;
			buildActionMask = 2147483647;
			files = (
				726D4C6A1C890C8400D77976 /* RecordedAudio.swift in Sources */,
				726D4C3A1C87D26B00D77976 /* RecordSoundsViewController.swift in Sources */,
				726D4C661C87F64B00D77976 /* PlaySoundsViewController.swift in Sources */,
				726D4C381C87D26B00D77976 /* AppDelegate.swift in Sources */,
			);
			runOnlyForDeploymentPostprocessing = 0;
		};
		726D4C441C87D26B00D77976 /* Sources */ = {
			isa = PBXSourcesBuildPhase;
			buildActionMask = 2147483647;
			files = (
				726D4C4D1C87D26B00D77976 /* PicthPerfectTests.swift in Sources */,
			);
			runOnlyForDeploymentPostprocessing = 0;
		};
		726D4C4F1C87D26B00D77976 /* Sources */ = {
			isa = PBXSourcesBuildPhase;
			buildActionMask = 2147483647;
			files = (
				726D4C581C87D26B00D77976 /* PicthPerfectUITests.swift in Sources */,
			);
			runOnlyForDeploymentPostprocessing = 0;
		};
/* End PBXSourcesBuildPhase section */

/* Begin PBXTargetDependency section */
		726D4C4A1C87D26B00D77976 /* PBXTargetDependency */ = {
			isa = PBXTargetDependency;
			target = 726D4C331C87D26B00D77976 /* PitchPerfect */;
			targetProxy = 726D4C491C87D26B00D77976 /* PBXContainerItemProxy */;
		};
		726D4C551C87D26B00D77976 /* PBXTargetDependency */ = {
			isa = PBXTargetDependency;
			target = 726D4C331C87D26B00D77976 /* PitchPerfect */;
			targetProxy = 726D4C541C87D26B00D77976 /* PBXContainerItemProxy */;
		};
/* End PBXTargetDependency section */

/* Begin PBXVariantGroup section */
		726D4C3B1C87D26B00D77976 /* Main.storyboard */ = {
			isa = PBXVariantGroup;
			children = (
				726D4C3C1C87D26B00D77976 /* Base */,
			);
			name = Main.storyboard;
			sourceTree = "<group>";
		};
		726D4C401C87D26B00D77976 /* LaunchScreen.storyboard */ = {
			isa = PBXVariantGroup;
			children = (
				726D4C411C87D26B00D77976 /* Base */,
			);
			name = LaunchScreen.storyboard;
			sourceTree = "<group>";
		};
/* End PBXVariantGroup section */

/* Begin XCBuildConfiguration section */
		726D4C5A1C87D26B00D77976 /* Debug */ = {
			isa = XCBuildConfiguration;
			buildSettings = {
				ALWAYS_SEARCH_USER_PATHS = NO;
				CLANG_CXX_LANGUAGE_STANDARD = "gnu++0x";
				CLANG_CXX_LIBRARY = "libc++";
				CLANG_ENABLE_MODULES = YES;
				CLANG_ENABLE_OBJC_ARC = YES;
				CLANG_WARN_BOOL_CONVERSION = YES;
				CLANG_WARN_CONSTANT_CONVERSION = YES;
				CLANG_WARN_DIRECT_OBJC_ISA_USAGE = YES_ERROR;
				CLANG_WARN_EMPTY_BODY = YES;
				CLANG_WARN_ENUM_CONVERSION = YES;
				CLANG_WARN_INT_CONVERSION = YES;
				CLANG_WARN_OBJC_ROOT_CLASS = YES_ERROR;
				CLANG_WARN_UNREACHABLE_CODE = YES;
				CLANG_WARN__DUPLICATE_METHOD_MATCH = YES;
				"CODE_SIGN_IDENTITY[sdk=iphoneos*]" = "iPhone Developer";
				COPY_PHASE_STRIP = NO;
				DEBUG_INFORMATION_FORMAT = dwarf;
				ENABLE_STRICT_OBJC_MSGSEND = YES;
				ENABLE_TESTABILITY = YES;
				GCC_C_LANGUAGE_STANDARD = gnu99;
				GCC_DYNAMIC_NO_PIC = NO;
				GCC_NO_COMMON_BLOCKS = YES;
				GCC_OPTIMIZATION_LEVEL = 0;
				GCC_PREPROCESSOR_DEFINITIONS = (
					"DEBUG=1",
					"$(inherited)",
				);
				GCC_WARN_64_TO_32_BIT_CONVERSION = YES;
				GCC_WARN_ABOUT_RETURN_TYPE = YES_ERROR;
				GCC_WARN_UNDECLARED_SELECTOR = YES;
				GCC_WARN_UNINITIALIZED_AUTOS = YES_AGGRESSIVE;
				GCC_WARN_UNUSED_FUNCTION = YES;
				GCC_WARN_UNUSED_VARIABLE = YES;
				IPHONEOS_DEPLOYMENT_TARGET = 9.2;
				MTL_ENABLE_DEBUG_INFO = YES;
				ONLY_ACTIVE_ARCH = YES;
				SDKROOT = iphoneos;
				SWIFT_OPTIMIZATION_LEVEL = "-Onone";
				TARGETED_DEVICE_FAMILY = "1,2";
			};
			name = Debug;
		};
		726D4C5B1C87D26B00D77976 /* Release */ = {
			isa = XCBuildConfiguration;
			buildSettings = {
				ALWAYS_SEARCH_USER_PATHS = NO;
				CLANG_CXX_LANGUAGE_STANDARD = "gnu++0x";
				CLANG_CXX_LIBRARY = "libc++";
				CLANG_ENABLE_MODULES = YES;
				CLANG_ENABLE_OBJC_ARC = YES;
				CLANG_WARN_BOOL_CONVERSION = YES;
				CLANG_WARN_CONSTANT_CONVERSION = YES;
				CLANG_WARN_DIRECT_OBJC_ISA_USAGE = YES_ERROR;
				CLANG_WARN_EMPTY_BODY = YES;
				CLANG_WARN_ENUM_CONVERSION = YES;
				CLANG_WARN_INT_CONVERSION = YES;
				CLANG_WARN_OBJC_ROOT_CLASS = YES_ERROR;
				CLANG_WARN_UNREACHABLE_CODE = YES;
				CLANG_WARN__DUPLICATE_METHOD_MATCH = YES;
				"CODE_SIGN_IDENTITY[sdk=iphoneos*]" = "iPhone Developer";
				COPY_PHASE_STRIP = NO;
				DEBUG_INFORMATION_FORMAT = "dwarf-with-dsym";
				ENABLE_NS_ASSERTIONS = NO;
				ENABLE_STRICT_OBJC_MSGSEND = YES;
				GCC_C_LANGUAGE_STANDARD = gnu99;
				GCC_NO_COMMON_BLOCKS = YES;
				GCC_WARN_64_TO_32_BIT_CONVERSION = YES;
				GCC_WARN_ABOUT_RETURN_TYPE = YES_ERROR;
				GCC_WARN_UNDECLARED_SELECTOR = YES;
				GCC_WARN_UNINITIALIZED_AUTOS = YES_AGGRESSIVE;
				GCC_WARN_UNUSED_FUNCTION = YES;
				GCC_WARN_UNUSED_VARIABLE = YES;
				IPHONEOS_DEPLOYMENT_TARGET = 9.2;
				MTL_ENABLE_DEBUG_INFO = NO;
				SDKROOT = iphoneos;
				TARGETED_DEVICE_FAMILY = "1,2";
				VALIDATE_PRODUCT = YES;
			};
			name = Release;
		};
		726D4C5D1C87D26B00D77976 /* Debug */ = {
			isa = XCBuildConfiguration;
			buildSettings = {
				ASSETCATALOG_COMPILER_APPICON_NAME = AppIcon;
				CODE_SIGN_IDENTITY = "iPhone Developer";
				"CODE_SIGN_IDENTITY[sdk=iphoneos*]" = "iPhone Developer";
				INFOPLIST_FILE = PicthPerfect/Info.plist;
				IPHONEOS_DEPLOYMENT_TARGET = 9.0.1;
				LD_RUNPATH_SEARCH_PATHS = "$(inherited) @executable_path/Frameworks";
				PRODUCT_BUNDLE_IDENTIFIER = com.demo.PitchPerfect;
				PRODUCT_NAME = PitchPerfect;
				PROVISIONING_PROFILE = "";
			};
			name = Debug;
		};
		726D4C5E1C87D26B00D77976 /* Release */ = {
			isa = XCBuildConfiguration;
			buildSettings = {
				ASSETCATALOG_COMPILER_APPICON_NAME = AppIcon;
				CODE_SIGN_IDENTITY = "iPhone Developer";
				"CODE_SIGN_IDENTITY[sdk=iphoneos*]" = "iPhone Developer";
				INFOPLIST_FILE = PicthPerfect/Info.plist;
				IPHONEOS_DEPLOYMENT_TARGET = 9.0.1;
				LD_RUNPATH_SEARCH_PATHS = "$(inherited) @executable_path/Frameworks";
				PRODUCT_BUNDLE_IDENTIFIER = com.demo.PitchPerfect;
				PRODUCT_NAME = PitchPerfect;
				PROVISIONING_PROFILE = "";
			};
			name = Release;
		};
		726D4C601C87D26B00D77976 /* Debug */ = {
			isa = XCBuildConfiguration;
			buildSettings = {
				BUNDLE_LOADER = "$(TEST_HOST)";
				INFOPLIST_FILE = PicthPerfectTests/Info.plist;
				LD_RUNPATH_SEARCH_PATHS = "$(inherited) @executable_path/Frameworks @loader_path/Frameworks";
				PRODUCT_BUNDLE_IDENTIFIER = com.demo.PicthPerfectTests;
				PRODUCT_NAME = PitchPerfect;
				TEST_HOST = "$(BUILT_PRODUCTS_DIR)/PitchPerfect.app/PitchPerfect";
			};
			name = Debug;
		};
		726D4C611C87D26B00D77976 /* Release */ = {
			isa = XCBuildConfiguration;
			buildSettings = {
				BUNDLE_LOADER = "$(TEST_HOST)";
				INFOPLIST_FILE = PicthPerfectTests/Info.plist;
				LD_RUNPATH_SEARCH_PATHS = "$(inherited) @executable_path/Frameworks @loader_path/Frameworks";
				PRODUCT_BUNDLE_IDENTIFIER = com.demo.PicthPerfectTests;
				PRODUCT_NAME = PitchPerfect;
				TEST_HOST = "$(BUILT_PRODUCTS_DIR)/PitchPerfect.app/PitchPerfect";
			};
			name = Release;
		};
		726D4C631C87D26B00D77976 /* Debug */ = {
			isa = XCBuildConfiguration;
			buildSettings = {
				INFOPLIST_FILE = PicthPerfectUITests/Info.plist;
				LD_RUNPATH_SEARCH_PATHS = "$(inherited) @executable_path/Frameworks @loader_path/Frameworks";
				PRODUCT_BUNDLE_IDENTIFIER = com.demo.PicthPerfectUITests;
				PRODUCT_NAME = PitchPerfect;
				TEST_TARGET_NAME = PicthPerfect;
				USES_XCTRUNNER = YES;
			};
			name = Debug;
		};
		726D4C641C87D26B00D77976 /* Release */ = {
			isa = XCBuildConfiguration;
			buildSettings = {
				INFOPLIST_FILE = PicthPerfectUITests/Info.plist;
				LD_RUNPATH_SEARCH_PATHS = "$(inherited) @executable_path/Frameworks @loader_path/Frameworks";
				PRODUCT_BUNDLE_IDENTIFIER = com.demo.PicthPerfectUITests;
				PRODUCT_NAME = PitchPerfect;
				TEST_TARGET_NAME = PicthPerfect;
				USES_XCTRUNNER = YES;
			};
			name = Release;
		};
/* End XCBuildConfiguration section */

/* Begin XCConfigurationList section */
		726D4C2F1C87D26B00D77976 /* Build configuration list for PBXProject "PitchPerfect" */ = {
			isa = XCConfigurationList;
			buildConfigurations = (
				726D4C5A1C87D26B00D77976 /* Debug */,
				726D4C5B1C87D26B00D77976 /* Release */,
			);
			defaultConfigurationIsVisible = 0;
			defaultConfigurationName = Release;
		};
		726D4C5C1C87D26B00D77976 /* Build configuration list for PBXNativeTarget "PitchPerfect" */ = {
			isa = XCConfigurationList;
			buildConfigurations = (
				726D4C5D1C87D26B00D77976 /* Debug */,
				726D4C5E1C87D26B00D77976 /* Release */,
			);
			defaultConfigurationIsVisible = 0;
			defaultConfigurationName = Release;
		};
		726D4C5F1C87D26B00D77976 /* Build configuration list for PBXNativeTarget "PitchPerfectTests" */ = {
			isa = XCConfigurationList;
			buildConfigurations = (
				726D4C601C87D26B00D77976 /* Debug */,
				726D4C611C87D26B00D77976 /* Release */,
			);
			defaultConfigurationIsVisible = 0;
			defaultConfigurationName = Release;
		};
		726D4C621C87D26B00D77976 /* Build configuration list for PBXNativeTarget "PitchPerfectUITests" */ = {
			isa = XCConfigurationList;
			buildConfigurations = (
				726D4C631C87D26B00D77976 /* Debug */,
				726D4C641C87D26B00D77976 /* Release */,
			);
			defaultConfigurationIsVisible = 0;
			defaultConfigurationName = Release;
		};
/* End XCConfigurationList section */
	};
	rootObject = 726D4C2C1C87D26B00D77976 /* Project object */;
}
